{
  "name": "merge-tower-defense",
  "version": "0.1.0",
  "lockfileVersion": 3,
  "requires": true,
  "packages": {
    "": {
      "name": "merge-tower-defense",
      "version": "0.1.0",
      "hasInstallScript": true,
      "license": "MIT",
      "devDependencies": {
        "dirname-filename-esm": "^1.1.2",
        "fable-compiler-js": "^3.3.0",
        "fable-standalone": "3.7.0"
      }
    },
    "node_modules/dirname-filename-esm": {
      "version": "1.1.2",
      "resolved": "https://registry.npmjs.org/dirname-filename-esm/-/dirname-filename-esm-1.1.2.tgz",
      "integrity": "sha512-mMhH2imzJN95KnX/iDAhC0QDG0VU833c88U3SXCaQzATu7YlO9YTFD/CF9Nn2xhSwFlV9iWEKb/YyGJ4TwCcPg==",
      "dev": true,
      "license": "MIT"
    },
    "node_modules/fable-compiler-js": {
      "version": "3.3.0",
      "resolved": "https://registry.npmjs.org/fable-compiler-js/-/fable-compiler-js-3.3.0.tgz",
      "integrity": "sha512-jsbkltgBYsb4tTF7HuXNmZPsV5USEPQJsZHEf4brZFRYN+XjOI3pvjUljvyT3qlShlx6+b3kjCDBfOIIYUUThg==",
      "deprecated": "This is package is now deprecated please, use '@fable-org/fable-compiler-js' instead",
      "dev": true,
      "license": "MIT",
      "dependencies": {
        "fable-metadata": "^2.0.0",
        "fable-standalone": "^3.0.0"
      },
      "bin": {
        "fable": "index.js"
      }
    },
    "node_modules/fable-metadata": {
      "version": "2.2.0",
      "resolved": "https://registry.npmjs.org/fable-metadata/-/fable-metadata-2.2.0.tgz",
      "integrity": "sha512-00u5xo/MzG+APQP67y0VpnCcmzEgaa37U3WBbjFqv42AlVKVwCxrn4sTZtAuJ5VoCg+5wdpUPFdYjsqOM1eDbA==",
      "deprecated": "This is package is now deprecated please, use '@fable-org/fable-metadata' instead",
      "dev": true,
      "license": "MIT"
    },
    "node_modules/fable-standalone": {
      "version": "3.7.0",
      "resolved": "https://registry.npmjs.org/fable-standalone/-/fable-standalone-3.7.0.tgz",
      "integrity": "sha512-7z+XDLPrdnyAAJMXKQFrtljdCiAjzFR9qcZFm8YnQLa/kXRDKfLUWnVYhY2V82iCDTv3NMifnEQgB2v44UoOxA==",
      "deprecated": "This is package is now deprecated please, use '@fable-org/fable-standalone' instead",
      "dev": true,
      "license": "MIT"
    }
  }
}
